
Microsoft Visual Studio Solution File, Format Version 12.00
# Visual Studio 15
Project("{FAE04EC0-301F-11D3-BF4B-00C04F79EFBC}") = "Assembly-CSharp", "Assembly-CSharp.csproj", "{EBBB6081-608D-2242-7D79-7BBB4FEF0397}"
EndProject
Global
	GlobalSection(SolutionConfigurationPlatforms) = preSolution
		Debug|Any CPU = Debug|Any CPU
		Release|Any CPU = Release|Any CPU
	EndGlobalSection
	GlobalSection(ProjectConfigurationPlatforms) = postSolution
		{EBBB6081-608D-2242-7D79-7BBB4FEF0397}.Debug|Any CPU.ActiveCfg = Debug|Any CPU
		{EBBB6081-608D-2242-7D79-7BBB4FEF0397}.Debug|Any CPU.Build.0 = Debug|Any CPU
		{EBBB6081-608D-2242-7D79-7BBB4FEF0397}.Release|Any CPU.ActiveCfg = Release|Any CPU
		{EBBB6081-608D-2242-7D79-7BBB4FEF0397}.Release|Any CPU.Build.0 = Release|Any CPU
	EndGlobalSection
	GlobalSection(SolutionProperties) = preSolution
		HideSolutionNode = FALSE
	EndGlobalSection
EndGlobal
